
Microsoft Visual Studio Solution File, Format Version 12.00
# Visual Studio 2012
Project("{8BC9CEB8-8B4A-11D0-8D11-00A0C91BC942}") = "cs109hw4", "cs109hw4\cs109hw4.vcxproj", "{DE2735D2-62E5-4A1B-B32A-FD746BFDDD2A}"
EndProject
Global
	GlobalSection(SolutionConfigurationPlatforms) = preSolution
		Debug|Win32 = Debug|Win32
		Release|Win32 = Release|Win32
	EndGlobalSection
	GlobalSection(ProjectConfigurationPlatforms) = postSolution
		{DE2735D2-62E5-4A1B-B32A-FD746BFDDD2A}.Debug|Win32.ActiveCfg = Debug|Win32
		{DE2735D2-62E5-4A1B-B32A-FD746BFDDD2A}.Debug|Win32.Build.0 = Debug|Win32
		{DE2735D2-62E5-4A1B-B32A-FD746BFDDD2A}.Release|Win32.ActiveCfg = Release|Win32
		{DE2735D2-62E5-4A1B-B32A-FD746BFDDD2A}.Release|Win32.Build.0 = Release|Win32
	EndGlobalSection
	GlobalSection(SolutionProperties) = preSolution
		HideSolutionNode = FALSE
	EndGlobalSection
EndGlobal
